
Microsoft Visual Studio Solution File, Format Version 12.00
# Visual Studio Version 16
VisualStudioVersion = 16.0.31702.278
MinimumVisualStudioVersion = 10.0.40219.1
Project("{FAE04EC0-301F-11D3-BF4B-00C04F79EFBC}") = "SyntaxAnalyzer", "SyntaxAnalyzer.csproj", "{BB8AD938-8592-4B9F-9BF7-4C7B7377D513}"
EndProject
Global
	GlobalSection(SolutionConfigurationPlatforms) = preSolution
		Debug|Any CPU = Debug|Any CPU
		Release|Any CPU = Release|Any CPU
	EndGlobalSection
	GlobalSection(ProjectConfigurationPlatforms) = postSolution
		{BB8AD938-8592-4B9F-9BF7-4C7B7377D513}.Debug|Any CPU.ActiveCfg = Debug|Any CPU
		{BB8AD938-8592-4B9F-9BF7-4C7B7377D513}.Debug|Any CPU.Build.0 = Debug|Any CPU
		{BB8AD938-8592-4B9F-9BF7-4C7B7377D513}.Release|Any CPU.ActiveCfg = Release|Any CPU
		{BB8AD938-8592-4B9F-9BF7-4C7B7377D513}.Release|Any CPU.Build.0 = Release|Any CPU
	EndGlobalSection
	GlobalSection(SolutionProperties) = preSolution
		HideSolutionNode = FALSE
	EndGlobalSection
	GlobalSection(ExtensibilityGlobals) = postSolution
		SolutionGuid = {712A0BF4-6234-43A2-A847-02EEF98914C5}
	EndGlobalSection
EndGlobal
